
Microsoft Visual Studio Solution File, Format Version 12.00
# Visual Studio Version 17
VisualStudioVersion = 17.14.36401.2
MinimumVisualStudioVersion = 10.0.40219.1
Project("{FAE04EC0-301F-11D3-BF4B-00C04F79EFBC}") = "HelloWorld", "HelloWorld\HelloWorld.csproj", "{EEEF29AE-7C4E-440F-AC0A-4271C9E8B677}"
EndProject
Project("{FAE04EC0-301F-11D3-BF4B-00C04F79EFBC}") = "BankApp", "BankApp\BankApp.csproj", "{ECD14AD5-985F-4148-85A7-554A54400C38}"
EndProject
Project("{FAE04EC0-301F-11D3-BF4B-00C04F79EFBC}") = "LibraryAPP", "LibraryAPP\LibraryAPP.csproj", "{4A1D5562-319D-4E73-BAE3-CD703D736097}"
EndProject
Global
	GlobalSection(SolutionConfigurationPlatforms) = preSolution
		Debug|Any CPU = Debug|Any CPU
		Release|Any CPU = Release|Any CPU
	EndGlobalSection
	GlobalSection(ProjectConfigurationPlatforms) = postSolution
		{EEEF29AE-7C4E-440F-AC0A-4271C9E8B677}.Debug|Any CPU.ActiveCfg = Debug|Any CPU
		{EEEF29AE-7C4E-440F-AC0A-4271C9E8B677}.Debug|Any CPU.Build.0 = Debug|Any CPU
		{EEEF29AE-7C4E-440F-AC0A-4271C9E8B677}.Release|Any CPU.ActiveCfg = Release|Any CPU
		{EEEF29AE-7C4E-440F-AC0A-4271C9E8B677}.Release|Any CPU.Build.0 = Release|Any CPU
		{ECD14AD5-985F-4148-85A7-554A54400C38}.Debug|Any CPU.ActiveCfg = Debug|Any CPU
		{ECD14AD5-985F-4148-85A7-554A54400C38}.Debug|Any CPU.Build.0 = Debug|Any CPU
		{ECD14AD5-985F-4148-85A7-554A54400C38}.Release|Any CPU.ActiveCfg = Release|Any CPU
		{ECD14AD5-985F-4148-85A7-554A54400C38}.Release|Any CPU.Build.0 = Release|Any CPU
		{4A1D5562-319D-4E73-BAE3-CD703D736097}.Debug|Any CPU.ActiveCfg = Debug|Any CPU
		{4A1D5562-319D-4E73-BAE3-CD703D736097}.Debug|Any CPU.Build.0 = Debug|Any CPU
		{4A1D5562-319D-4E73-BAE3-CD703D736097}.Release|Any CPU.ActiveCfg = Release|Any CPU
		{4A1D5562-319D-4E73-BAE3-CD703D736097}.Release|Any CPU.Build.0 = Release|Any CPU
	EndGlobalSection
	GlobalSection(SolutionProperties) = preSolution
		HideSolutionNode = FALSE
	EndGlobalSection
	GlobalSection(ExtensibilityGlobals) = postSolution
		SolutionGuid = {7094924B-D6AC-45D4-98E8-FEBC71DFB180}
	EndGlobalSection
EndGlobal
